
Microsoft Visual Studio Solution File, Format Version 12.00
# Visual Studio Version 17
VisualStudioVersion = 17.13.35931.197 d17.13
MinimumVisualStudioVersion = 10.0.40219.1
Project("{FAE04EC0-301F-11D3-BF4B-00C04F79EFBC}") = "Laboratorio.Attacks.App", "Laboratorio.Attacks.App\Laboratorio.Attacks.App.csproj", "{6C05D3EF-121D-4BF6-89C3-E21700034831}"
EndProject
Global
	GlobalSection(SolutionConfigurationPlatforms) = preSolution
		Debug|Any CPU = Debug|Any CPU
		Release|Any CPU = Release|Any CPU
	EndGlobalSection
	GlobalSection(ProjectConfigurationPlatforms) = postSolution
		{6C05D3EF-121D-4BF6-89C3-E21700034831}.Debug|Any CPU.ActiveCfg = Debug|Any CPU
		{6C05D3EF-121D-4BF6-89C3-E21700034831}.Debug|Any CPU.Build.0 = Debug|Any CPU
		{6C05D3EF-121D-4BF6-89C3-E21700034831}.Release|Any CPU.ActiveCfg = Release|Any CPU
		{6C05D3EF-121D-4BF6-89C3-E21700034831}.Release|Any CPU.Build.0 = Release|Any CPU
	EndGlobalSection
	GlobalSection(SolutionProperties) = preSolution
		HideSolutionNode = FALSE
	EndGlobalSection
	GlobalSection(ExtensibilityGlobals) = postSolution
		SolutionGuid = {3367CE6F-88FA-4DBB-8A0B-F41D101A3DDC}
	EndGlobalSection
EndGlobal
